hash: 83d8953967576969d97b9e12ab9d5217623a0a3aad50f702607c33ebdd311028
updated: 2016-02-29T18:41:21.710714278+08:00
imports:
- name: github.com/layneYoo/mCtl
  version: 9c8570b71750124e7a55c5d0164dc1e2dcd741a1
  subpackages:
  - check
  - marathon
- name: github.com/Masterminds/glide
  version: 3c7bfad8d867c6773904e7db0c0c39f544aa2e88
  subpackages:
  - msg
- name: github.com/shoenig/config
  version: 7d793e7ad7f175ef22743b1ea38acee8267788db
devImports: []
